// !$*UTF8*$!
{
	archiveVersion = 1;
	classes = {
	};
	objectVersion = 46;
	objects = {

/* Begin PBXBuildFile section */
		29575BC43B2A69427DE94BD0 /* Pods_JLRoutesDemoTests.framework in Frameworks */ = {isa = PBXBuildFile; fileRef = 7F028C6BBCF59CF62ACF33F9 /* Pods_JLRoutesDemoTests.framework */; };
		3B9BC603FAC8530150052045 /* Pods_JLRoutesDemoUITests.framework in Frameworks */ = {isa = PBXBuildFile; fileRef = ADF7593A9B2D38DA46BEC877 /* Pods_JLRoutesDemoUITests.framework */; };
		47F81DA41D93FB4A00A84902 /* main.m in Sources */ = {isa = PBXBuildFile; fileRef = 47F81DA31D93FB4A00A84902 /* main.m */; };
		47F81DA71D93FB4A00A84902 /* AppDelegate.m in Sources */ = {isa = PBXBuildFile; fileRef = 47F81DA61D93FB4A00A84902 /* AppDelegate.m */; };
		47F81DAA1D93FB4A00A84902 /* ViewController.m in Sources */ = {isa = PBXBuildFile; fileRef = 47F81DA91D93FB4A00A84902 /* ViewController.m */; };
		47F81DAD1D93FB4A00A84902 /* Main.storyboard in Resources */ = {isa = PBXBuildFile; fileRef = 47F81DAB1D93FB4A00A84902 /* Main.storyboard */; };
		47F81DAF1D93FB4A00A84902 /* Assets.xcassets in Resources */ = {isa = PBXBuildFile; fileRef = 47F81DAE1D93FB4A00A84902 /* Assets.xcassets */; };
		47F81DB21D93FB4A00A84902 /* LaunchScreen.storyboard in Resources */ = {isa = PBXBuildFile; fileRef = 47F81DB01D93FB4A00A84902 /* LaunchScreen.storyboard */; };
		47F81DBD1D93FB4A00A84902 /* JLRoutesDemoTests.m in Sources */ = {isa = PBXBuildFile; fileRef = 47F81DBC1D93FB4A00A84902 /* JLRoutesDemoTests.m */; };
		47F81DC81D93FB4A00A84902 /* JLRoutesDemoUITests.m in Sources */ = {isa = PBXBuildFile; fileRef = 47F81DC71D93FB4A00A84902 /* JLRoutesDemoUITests.m */; };
		F102298DFA12E64947167285 /* Pods_JLRoutesDemo.framework in Frameworks */ = {isa = PBXBuildFile; fileRef = 423969011B44AF4037C48D6D /* Pods_JLRoutesDemo.framework */; };
/* End PBXBuildFile section */

/* Begin PBXContainerItemProxy section */
		47F81DB91D93FB4A00A84902 /* PBXContainerItemProxy */ = {
			isa = PBXContainerItemProxy;
			containerPortal = 47F81D971D93FB4900A84902 /* Project object */;
			proxyType = 1;
			remoteGlobalIDString = 47F81D9E1D93FB4900A84902;
			remoteInfo = JLRoutesDemo;
		};
		47F81DC41D93FB4A00A84902 /* PBXContainerItemProxy */ = {
			isa = PBXContainerItemProxy;
			containerPortal = 47F81D971D93FB4900A84902 /* Project object */;
			proxyType = 1;
			remoteGlobalIDString = 47F81D9E1D93FB4900A84902;
			remoteInfo = JLRoutesDemo;
		};
/* End PBXContainerItemProxy section */

/* Begin PBXFileReference section */
		0E290CC4C667400EE2A70770 /* Pods-JLRoutesDemoTests.release.xcconfig */ = {isa = PBXFileReference; includeInIndex = 1; lastKnownFileType = text.xcconfig; name = "Pods-JLRoutesDemoTests.release.xcconfig"; path = "Pods/Target Support Files/Pods-JLRoutesDemoTests/Pods-JLRoutesDemoTests.release.xcconfig"; sourceTree = "<group>"; };
		1E0EDA8222FB5C60608AA944 /* Pods-JLRoutesDemoUITests.debug.xcconfig */ = {isa = PBXFileReference; includeInIndex = 1; lastKnownFileType = text.xcconfig; name = "Pods-JLRoutesDemoUITests.debug.xcconfig"; path = "Pods/Target Support Files/Pods-JLRoutesDemoUITests/Pods-JLRoutesDemoUITests.debug.xcconfig"; sourceTree = "<group>"; };
		423969011B44AF4037C48D6D /* Pods_JLRoutesDemo.framework */ = {isa = PBXFileReference; explicitFileType = wrapper.framework; includeInIndex = 0; path = Pods_JLRoutesDemo.framework; sourceTree = BUILT_PRODUCTS_DIR; };
		47F81D9F1D93FB4A00A84902 /* JLRoutesDemo.app */ = {isa = PBXFileReference; explicitFileType = wrapper.application; includeInIndex = 0; path = JLRoutesDemo.app; sourceTree = BUILT_PRODUCTS_DIR; };
		47F81DA31D93FB4A00A84902 /* main.m */ = {isa = PBXFileReference; lastKnownFileType = sourcecode.c.objc; path = main.m; sourceTree = "<group>"; };
		47F81DA51D93FB4A00A84902 /* AppDelegate.h */ = {isa = PBXFileReference; lastKnownFileType = sourcecode.c.h; path = AppDelegate.h; sourceTree = "<group>"; };
		47F81DA61D93FB4A00A84902 /* AppDelegate.m */ = {isa = PBXFileReference; lastKnownFileType = sourcecode.c.objc; path = AppDelegate.m; sourceTree = "<group>"; };
		47F81DA81D93FB4A00A84902 /* ViewController.h */ = {isa = PBXFileReference; lastKnownFileType = sourcecode.c.h; path = ViewController.h; sourceTree = "<group>"; };
		47F81DA91D93FB4A00A84902 /* ViewController.m */ = {isa = PBXFileReference; lastKnownFileType = sourcecode.c.objc; path = ViewController.m; sourceTree = "<group>"; };
		47F81DAC1D93FB4A00A84902 /* Base */ = {isa = PBXFileReference; lastKnownFileType = file.storyboard; name = Base; path = Base.lproj/Main.storyboard; sourceTree = "<group>"; };
		47F81DAE1D93FB4A00A84902 /* Assets.xcassets */ = {isa = PBXFileReference; lastKnownFileType = folder.assetcatalog; path = Assets.xcassets; sourceTree = "<group>"; };
		47F81DB11D93FB4A00A84902 /* Base */ = {isa = PBXFileReference; lastKnownFileType = file.storyboard; name = Base; path = Base.lproj/LaunchScreen.storyboard; sourceTree = "<group>"; };
		47F81DB31D93FB4A00A84902 /* Info.plist */ = {isa = PBXFileReference; lastKnownFileType = text.plist.xml; path = Info.plist; sourceTree = "<group>"; };
		47F81DB81D93FB4A00A84902 /* JLRoutesDemoTests.xctest */ = {isa = PBXFileReference; explicitFileType = wrapper.cfbundle; includeInIndex = 0; path = JLRoutesDemoTests.xctest; sourceTree = BUILT_PRODUCTS_DIR; };
		47F81DBC1D93FB4A00A84902 /* JLRoutesDemoTests.m */ = {isa = PBXFileReference; lastKnownFileType = sourcecode.c.objc; path = JLRoutesDemoTests.m; sourceTree = "<group>"; };
		47F81DBE1D93FB4A00A84902 /* Info.plist */ = {isa = PBXFileReference; lastKnownFileType = text.plist.xml; path = Info.plist; sourceTree = "<group>"; };
		47F81DC31D93FB4A00A84902 /* JLRoutesDemoUITests.xctest */ = {isa = PBXFileReference; explicitFileType = wrapper.cfbundle; includeInIndex = 0; path = JLRoutesDemoUITests.xctest; sourceTree = BUILT_PRODUCTS_DIR; };
		47F81DC71D93FB4A00A84902 /* JLRoutesDemoUITests.m */ = {isa = PBXFileReference; lastKnownFileType = sourcecode.c.objc; path = JLRoutesDemoUITests.m; sourceTree = "<group>"; };
		47F81DC91D93FB4A00A84902 /* Info.plist */ = {isa = PBXFileReference; lastKnownFileType = text.plist.xml; path = Info.plist; sourceTree = "<group>"; };
		47F81DD51D93FD4400A84902 /* PrefixHeader.pch */ = {isa = PBXFileReference; fileEncoding = 4; lastKnownFileType = sourcecode.c.h; name = PrefixHeader.pch; path = ../PrefixHeader.pch; sourceTree = "<group>"; };
		4A4EBF4C3601032C1719A4D4 /* Pods-JLRoutesDemoUITests.release.xcconfig */ = {isa = PBXFileReference; includeInIndex = 1; lastKnownFileType = text.xcconfig; name = "Pods-JLRoutesDemoUITests.release.xcconfig"; path = "Pods/Target Support Files/Pods-JLRoutesDemoUITests/Pods-JLRoutesDemoUITests.release.xcconfig"; sourceTree = "<group>"; };
		624E92F723932E250B30C21B /* Pods-JLRoutesDemo.release.xcconfig */ = {isa = PBXFileReference; includeInIndex = 1; lastKnownFileType = text.xcconfig; name = "Pods-JLRoutesDemo.release.xcconfig"; path = "Pods/Target Support Files/Pods-JLRoutesDemo/Pods-JLRoutesDemo.release.xcconfig"; sourceTree = "<group>"; };
		6B678FD1DFB6989D276EF865 /* Pods-JLRoutesDemoTests.debug.xcconfig */ = {isa = PBXFileReference; includeInIndex = 1; lastKnownFileType = text.xcconfig; name = "Pods-JLRoutesDemoTests.debug.xcconfig"; path = "Pods/Target Support Files/Pods-JLRoutesDemoTests/Pods-JLRoutesDemoTests.debug.xcconfig"; sourceTree = "<group>"; };
		7F028C6BBCF59CF62ACF33F9 /* Pods_JLRoutesDemoTests.framework */ = {isa = PBXFileReference; explicitFileType = wrapper.framework; includeInIndex = 0; path = Pods_JLRoutesDemoTests.framework; sourceTree = BUILT_PRODUCTS_DIR; };
		ADF7593A9B2D38DA46BEC877 /* Pods_JLRoutesDemoUITests.framework */ = {isa = PBXFileReference; explicitFileType = wrapper.framework; includeInIndex = 0; path = Pods_JLRoutesDemoUITests.framework; sourceTree = BUILT_PRODUCTS_DIR; };
		D1674505F29C8EA7C6F7D638 /* Pods-JLRoutesDemo.debug.xcconfig */ = {isa = PBXFileReference; includeInIndex = 1; lastKnownFileType = text.xcconfig; name = "Pods-JLRoutesDemo.debug.xcconfig"; path = "Pods/Target Support Files/Pods-JLRoutesDemo/Pods-JLRoutesDemo.debug.xcconfig"; sourceTree = "<group>"; };
/* End PBXFileReference section */

/* Begin PBXFrameworksBuildPhase section */
		47F81D9C1D93FB4900A84902 /* Frameworks */ = {
			isa = PBXFrameworksBuildPhase;
			buildActionMask = 2147483647;
			files = (
				F102298DFA12E64947167285 /* Pods_JLRoutesDemo.framework in Frameworks */,
			);
			runOnlyForDeploymentPostprocessing = 0;
		};
		47F81DB51D93FB4A00A84902 /* Frameworks */ = {
			isa = PBXFrameworksBuildPhase;
			buildActionMask = 2147483647;
			files = (
				29575BC43B2A69427DE94BD0 /* Pods_JLRoutesDemoTests.framework in Frameworks */,
			);
			runOnlyForDeploymentPostprocessing = 0;
		};
		47F81DC01D93FB4A00A84902 /* Frameworks */ = {
			isa = PBXFrameworksBuildPhase;
			buildActionMask = 2147483647;
			files = (
				3B9BC603FAC8530150052045 /* Pods_JLRoutesDemoUITests.framework in Frameworks */,
			);
			runOnlyForDeploymentPostprocessing = 0;
		};
/* End PBXFrameworksBuildPhase section */

/* Begin PBXGroup section */
		47F81D961D93FB4900A84902 = {
			isa = PBXGroup;
			children = (
				47F81DA11D93FB4A00A84902 /* JLRoutesDemo */,
				47F81DBB1D93FB4A00A84902 /* JLRoutesDemoTests */,
				47F81DC61D93FB4A00A84902 /* JLRoutesDemoUITests */,
				47F81DA01D93FB4A00A84902 /* Products */,
				AB54611F224B4D0BF004854E /* Pods */,
				D99EC7C84719BDC835604BF3 /* Frameworks */,
			);
			sourceTree = "<group>";
		};
		47F81DA01D93FB4A00A84902 /* Products */ = {
			isa = PBXGroup;
			children = (
				47F81D9F1D93FB4A00A84902 /* JLRoutesDemo.app */,
				47F81DB81D93FB4A00A84902 /* JLRoutesDemoTests.xctest */,
				47F81DC31D93FB4A00A84902 /* JLRoutesDemoUITests.xctest */,
			);
			name = Products;
			sourceTree = "<group>";
		};
		47F81DA11D93FB4A00A84902 /* JLRoutesDemo */ = {
			isa = PBXGroup;
			children = (
				47F81DA51D93FB4A00A84902 /* AppDelegate.h */,
				47F81DA61D93FB4A00A84902 /* AppDelegate.m */,
				47F81DA81D93FB4A00A84902 /* ViewController.h */,
				47F81DA91D93FB4A00A84902 /* ViewController.m */,
				47F81DAB1D93FB4A00A84902 /* Main.storyboard */,
				47F81DAE1D93FB4A00A84902 /* Assets.xcassets */,
				47F81DB01D93FB4A00A84902 /* LaunchScreen.storyboard */,
				47F81DA21D93FB4A00A84902 /* Supporting Files */,
			);
			path = JLRoutesDemo;
			sourceTree = "<group>";
		};
		47F81DA21D93FB4A00A84902 /* Supporting Files */ = {
			isa = PBXGroup;
			children = (
				47F81DD51D93FD4400A84902 /* PrefixHeader.pch */,
				47F81DB31D93FB4A00A84902 /* Info.plist */,
				47F81DA31D93FB4A00A84902 /* main.m */,
			);
			name = "Supporting Files";
			sourceTree = "<group>";
		};
		47F81DBB1D93FB4A00A84902 /* JLRoutesDemoTests */ = {
			isa = PBXGroup;
			children = (
				47F81DBC1D93FB4A00A84902 /* JLRoutesDemoTests.m */,
				47F81DBE1D93FB4A00A84902 /* Info.plist */,
			);
			path = JLRoutesDemoTests;
			sourceTree = "<group>";
		};
		47F81DC61D93FB4A00A84902 /* JLRoutesDemoUITests */ = {
			isa = PBXGroup;
			children = (
				47F81DC71D93FB4A00A84902 /* JLRoutesDemoUITests.m */,
				47F81DC91D93FB4A00A84902 /* Info.plist */,
			);
			path = JLRoutesDemoUITests;
			sourceTree = "<group>";
		};
		AB54611F224B4D0BF004854E /* Pods */ = {
			isa = PBXGroup;
			children = (
				D1674505F29C8EA7C6F7D638 /* Pods-JLRoutesDemo.debug.xcconfig */,
				624E92F723932E250B30C21B /* Pods-JLRoutesDemo.release.xcconfig */,
				6B678FD1DFB6989D276EF865 /* Pods-JLRoutesDemoTests.debug.xcconfig */,
				0E290CC4C667400EE2A70770 /* Pods-JLRoutesDemoTests.release.xcconfig */,
				1E0EDA8222FB5C60608AA944 /* Pods-JLRoutesDemoUITests.debug.xcconfig */,
				4A4EBF4C3601032C1719A4D4 /* Pods-JLRoutesDemoUITests.release.xcconfig */,
			);
			name = Pods;
			sourceTree = "<group>";
		};
		D99EC7C84719BDC835604BF3 /* Frameworks */ = {
			isa = PBXGroup;
			children = (
				423969011B44AF4037C48D6D /* Pods_JLRoutesDemo.framework */,
				7F028C6BBCF59CF62ACF33F9 /* Pods_JLRoutesDemoTests.framework */,
				ADF7593A9B2D38DA46BEC877 /* Pods_JLRoutesDemoUITests.framework */,
			);
			name = Frameworks;
			sourceTree = "<group>";
		};
/* End PBXGroup section */

/* Begin PBXNativeTarget section */
		47F81D9E1D93FB4900A84902 /* JLRoutesDemo */ = {
			isa = PBXNativeTarget;
			buildConfigurationList = 47F81DCC1D93FB4A00A84902 /* Build configuration list for PBXNativeTarget "JLRoutesDemo" */;
			buildPhases = (
				C31239D02FFD17634333F222 /* [CP] Check Pods Manifest.lock */,
				47F81D9B1D93FB4900A84902 /* Sources */,
				47F81D9C1D93FB4900A84902 /* Frameworks */,
				47F81D9D1D93FB4900A84902 /* Resources */,
				59F0F78FA8889DB51EA5615F /* [CP] Embed Pods Frameworks */,
				A96A223C03DF9E57E913618B /* [CP] Copy Pods Resources */,
			);
			buildRules = (
			);
			dependencies = (
			);
			name = JLRoutesDemo;
			productName = JLRoutesDemo;
			productReference = 47F81D9F1D93FB4A00A84902 /* JLRoutesDemo.app */;
			productType = "com.apple.product-type.application";
		};
		47F81DB71D93FB4A00A84902 /* JLRoutesDemoTests */ = {
			isa = PBXNativeTarget;
			buildConfigurationList = 47F81DCF1D93FB4A00A84902 /* Build configuration list for PBXNativeTarget "JLRoutesDemoTests" */;
			buildPhases = (
				FE22D262ABB65787E3D22CF8 /* [CP] Check Pods Manifest.lock */,
				47F81DB41D93FB4A00A84902 /* Sources */,
				47F81DB51D93FB4A00A84902 /* Frameworks */,
				47F81DB61D93FB4A00A84902 /* Resources */,
				AE3C2E5BA0AC35569187EBDD /* [CP] Embed Pods Frameworks */,
				B8EFFF5EFD23BBD323954792 /* [CP] Copy Pods Resources */,
			);
			buildRules = (
			);
			dependencies = (
				47F81DBA1D93FB4A00A84902 /* PBXTargetDependency */,
			);
			name = JLRoutesDemoTests;
			productName = JLRoutesDemoTests;
			productReference = 47F81DB81D93FB4A00A84902 /* JLRoutesDemoTests.xctest */;
			productType = "com.apple.product-type.bundle.unit-test";
		};
		47F81DC21D93FB4A00A84902 /* JLRoutesDemoUITests */ = {
			isa = PBXNativeTarget;
			buildConfigurationList = 47F81DD21D93FB4A00A84902 /* Build configuration list for PBXNativeTarget "JLRoutesDemoUITests" */;
			buildPhases = (
				27631C1E6EF11EC395606F52 /* [CP] Check Pods Manifest.lock */,
				47F81DBF1D93FB4A00A84902 /* Sources */,
				47F81DC01D93FB4A00A84902 /* Frameworks */,
				47F81DC11D93FB4A00A84902 /* Resources */,
				A34F9F6D0F1BF24BC8F1B52E /* [CP] Copy Pods Resources */,
			);
			buildRules = (
			);
			dependencies = (
				47F81DC51D93FB4A00A84902 /* PBXTargetDependency */,
			);
			name = JLRoutesDemoUITests;
			productName = JLRoutesDemoUITests;
			productReference = 47F81DC31D93FB4A00A84902 /* JLRoutesDemoUITests.xctest */;
			productType = "com.apple.product-type.bundle.ui-testing";
		};
/* End PBXNativeTarget section */

/* Begin PBXProject section */
		47F81D971D93FB4900A84902 /* Project object */ = {
			isa = PBXProject;
			attributes = {
				LastUpgradeCheck = 0800;
				ORGANIZATIONNAME = GK;
				TargetAttributes = {
					47F81D9E1D93FB4900A84902 = {
						CreatedOnToolsVersion = 8.0;
						ProvisioningStyle = Automatic;
					};
					47F81DB71D93FB4A00A84902 = {
						CreatedOnToolsVersion = 8.0;
						ProvisioningStyle = Automatic;
						TestTargetID = 47F81D9E1D93FB4900A84902;
					};
					47F81DC21D93FB4A00A84902 = {
						CreatedOnToolsVersion = 8.0;
						ProvisioningStyle = Automatic;
						TestTargetID = 47F81D9E1D93FB4900A84902;
					};
				};
			};
			buildConfigurationList = 47F81D9A1D93FB4900A84902 /* Build configuration list for PBXProject "JLRoutesDemo" */;
			compatibilityVersion = "Xcode 3.2";
			developmentRegion = English;
			hasScannedForEncodings = 0;
			knownRegions = (
				en,
				Base,
			);
			mainGroup = 47F81D961D93FB4900A84902;
			productRefGroup = 47F81DA01D93FB4A00A84902 /* Products */;
			projectDirPath = "";
			projectRoot = "";
			targets = (
				47F81D9E1D93FB4900A84902 /* JLRoutesDemo */,
				47F81DB71D93FB4A00A84902 /* JLRoutesDemoTests */,
				47F81DC21D93FB4A00A84902 /* JLRoutesDemoUITests */,
			);
		};
/* End PBXProject section */

/* Begin PBXResourcesBuildPhase section */
		47F81D9D1D93FB4900A84902 /* Resources */ = {
			isa = PBXResourcesBuildPhase;
			buildActionMask = 2147483647;
			files = (
				47F81DB21D93FB4A00A84902 /* LaunchScreen.storyboard in Resources */,
				47F81DAF1D93FB4A00A84902 /* Assets.xcassets in Resources */,
				47F81DAD1D93FB4A00A84902 /* Main.storyboard in Resources */,
			);
			runOnlyForDeploymentPostprocessing = 0;
		};
		47F81DB61D93FB4A00A84902 /* Resources */ = {
			isa = PBXResourcesBuildPhase;
			buildActionMask = 2147483647;
			files = (
			);
			runOnlyForDeploymentPostprocessing = 0;
		};
		47F81DC11D93FB4A00A84902 /* Resources */ = {
			isa = PBXResourcesBuildPhase;
			buildActionMask = 2147483647;
			files = (
			);
			runOnlyForDeploymentPostprocessing = 0;
		};
/* End PBXResourcesBuildPhase section */

/* Begin PBXShellScriptBuildPhase section */
		27631C1E6EF11EC395606F52 /* [CP] Check Pods Manifest.lock */ = {
			isa = PBXShellScriptBuildPhase;
			buildActionMask = 2147483647;
			files = (
			);
			inputPaths = (
			);
			name = "[CP] Check Pods Manifest.lock";
			outputPaths = (
			);
			runOnlyForDeploymentPostprocessing = 0;
			shellPath = /bin/sh;
			shellScript = "diff \"${PODS_ROOT}/../Podfile.lock\" \"${PODS_ROOT}/Manifest.lock\" > /dev/null\nif [[ $? != 0 ]] ; then\n    cat << EOM\nerror: The sandbox is not in sync with the Podfile.lock. Run 'pod install' or update your CocoaPods installation.\nEOM\n    exit 1\nfi\n";
			showEnvVarsInLog = 0;
		};
		59F0F78FA8889DB51EA5615F /* [CP] Embed Pods Frameworks */ = {
			isa = PBXShellScriptBuildPhase;
			buildActionMask = 2147483647;
			files = (
			);
			inputPaths = (
			);
			name = "[CP] Embed Pods Frameworks";
			outputPaths = (
			);
			runOnlyForDeploymentPostprocessing = 0;
			shellPath = /bin/sh;
			shellScript = "\"${SRCROOT}/Pods/Target Support Files/Pods-JLRoutesDemo/Pods-JLRoutesDemo-frameworks.sh\"\n";
			showEnvVarsInLog = 0;
		};
		A34F9F6D0F1BF24BC8F1B52E /* [CP] Copy Pods Resources */ = {
			isa = PBXShellScriptBuildPhase;
			buildActionMask = 2147483647;
			files = (
			);
			inputPaths = (
			);
			name = "[CP] Copy Pods Resources";
			outputPaths = (
			);
			runOnlyForDeploymentPostprocessing = 0;
			shellPath = /bin/sh;
			shellScript = "\"${SRCROOT}/Pods/Target Support Files/Pods-JLRoutesDemoUITests/Pods-JLRoutesDemoUITests-resources.sh\"\n";
			showEnvVarsInLog = 0;
		};
		A96A223C03DF9E57E913618B /* [CP] Copy Pods Resources */ = {
			isa = PBXShellScriptBuildPhase;
			buildActionMask = 2147483647;
			files = (
			);
			inputPaths = (
			);
			name = "[CP] Copy Pods Resources";
			outputPaths = (
			);
			runOnlyForDeploymentPostprocessing = 0;
			shellPath = /bin/sh;
			shellScript = "\"${SRCROOT}/Pods/Target Support Files/Pods-JLRoutesDemo/Pods-JLRoutesDemo-resources.sh\"\n";
			showEnvVarsInLog = 0;
		};
		AE3C2E5BA0AC35569187EBDD /* [CP] Embed Pods Frameworks */ = {
			isa = PBXShellScriptBuildPhase;
			buildActionMask = 2147483647;
			files = (
			);
			inputPaths = (
			);
			name = "[CP] Embed Pods Frameworks";
			outputPaths = (
			);
			runOnlyForDeploymentPostprocessing = 0;
			shellPath = /bin/sh;
			shellScript = "\"${SRCROOT}/Pods/Target Support Files/Pods-JLRoutesDemoTests/Pods-JLRoutesDemoTests-frameworks.sh\"\n";
			showEnvVarsInLog = 0;
		};
		B8EFFF5EFD23BBD323954792 /* [CP] Copy Pods Resources */ = {
			isa = PBXShellScriptBuildPhase;
			buildActionMask = 2147483647;
			files = (
			);
			inputPaths = (
			);
			name = "[CP] Copy Pods Resources";
			outputPaths = (
			);
			runOnlyForDeploymentPostprocessing = 0;
			shellPath = /bin/sh;
			shellScript = "\"${SRCROOT}/Pods/Target Support Files/Pods-JLRoutesDemoTests/Pods-JLRoutesDemoTests-resources.sh\"\n";
			showEnvVarsInLog = 0;
		};
		C31239D02FFD17634333F222 /* [CP] Check Pods Manifest.lock */ = {
			isa = PBXShellScriptBuildPhase;
			buildActionMask = 2147483647;
			files = (
			);
			inputPaths = (
			);
			name = "[CP] Check Pods Manifest.lock";
			outputPaths = (
			);
			runOnlyForDeploymentPostprocessing = 0;
			shellPath = /bin/sh;
			shellScript = "diff \"${PODS_ROOT}/../Podfile.lock\" \"${PODS_ROOT}/Manifest.lock\" > /dev/null\nif [[ $? != 0 ]] ; then\n    cat << EOM\nerror: The sandbox is not in sync with the Podfile.lock. Run 'pod install' or update your CocoaPods installation.\nEOM\n    exit 1\nfi\n";
			showEnvVarsInLog = 0;
		};
		FE22D262ABB65787E3D22CF8 /* [CP] Check Pods Manifest.lock */ = {
			isa = PBXShellScriptBuildPhase;
			buildActionMask = 2147483647;
			files = (
			);
			inputPaths = (
			);
			name = "[CP] Check Pods Manifest.lock";
			outputPaths = (
			);
			runOnlyForDeploymentPostprocessing = 0;
			shellPath = /bin/sh;
			shellScript = "diff \"${PODS_ROOT}/../Podfile.lock\" \"${PODS_ROOT}/Manifest.lock\" > /dev/null\nif [[ $? != 0 ]] ; then\n    cat << EOM\nerror: The sandbox is not in sync with the Podfile.lock. Run 'pod install' or update your CocoaPods installation.\nEOM\n    exit 1\nfi\n";
			showEnvVarsInLog = 0;
		};
/* End PBXShellScriptBuildPhase section */

/* Begin PBXSourcesBuildPhase section */
		47F81D9B1D93FB4900A84902 /* Sources */ = {
			isa = PBXSourcesBuildPhase;
			buildActionMask = 2147483647;
			files = (
				47F81DAA1D93FB4A00A84902 /* ViewController.m in Sources */,
				47F81DA71D93FB4A00A84902 /* AppDelegate.m in Sources */,
				47F81DA41D93FB4A00A84902 /* main.m in Sources */,
			);
			runOnlyForDeploymentPostprocessing = 0;
		};
		47F81DB41D93FB4A00A84902 /* Sources */ = {
			isa = PBXSourcesBuildPhase;
			buildActionMask = 2147483647;
			files = (
				47F81DBD1D93FB4A00A84902 /* JLRoutesDemoTests.m in Sources */,
			);
			runOnlyForDeploymentPostprocessing = 0;
		};
		47F81DBF1D93FB4A00A84902 /* Sources */ = {
			isa = PBXSourcesBuildPhase;
			buildActionMask = 2147483647;
			files = (
				47F81DC81D93FB4A00A84902 /* JLRoutesDemoUITests.m in Sources */,
			);
			runOnlyForDeploymentPostprocessing = 0;
		};
/* End PBXSourcesBuildPhase section */

/* Begin PBXTargetDependency section */
		47F81DBA1D93FB4A00A84902 /* PBXTargetDependency */ = {
			isa = PBXTargetDependency;
			target = 47F81D9E1D93FB4900A84902 /* JLRoutesDemo */;
			targetProxy = 47F81DB91D93FB4A00A84902 /* PBXContainerItemProxy */;
		};
		47F81DC51D93FB4A00A84902 /* PBXTargetDependency */ = {
			isa = PBXTargetDependency;
			target = 47F81D9E1D93FB4900A84902 /* JLRoutesDemo */;
			targetProxy = 47F81DC41D93FB4A00A84902 /* PBXContainerItemProxy */;
		};
/* End PBXTargetDependency section */

/* Begin PBXVariantGroup section */
		47F81DAB1D93FB4A00A84902 /* Main.storyboard */ = {
			isa = PBXVariantGroup;
			children = (
				47F81DAC1D93FB4A00A84902 /* Base */,
			);
			name = Main.storyboard;
			sourceTree = "<group>";
		};
		47F81DB01D93FB4A00A84902 /* LaunchScreen.storyboard */ = {
			isa = PBXVariantGroup;
			children = (
				47F81DB11D93FB4A00A84902 /* Base */,
			);
			name = LaunchScreen.storyboard;
			sourceTree = "<group>";
		};
/* End PBXVariantGroup section */

/* Begin XCBuildConfiguration section */
		47F81DCA1D93FB4A00A84902 /* Debug */ = {
			isa = XCBuildConfiguration;
			buildSettings = {
				ALWAYS_SEARCH_USER_PATHS = NO;
				CLANG_ANALYZER_NONNULL = YES;
				CLANG_CXX_LANGUAGE_STANDARD = "gnu++0x";
				CLANG_CXX_LIBRARY = "libc++";
				CLANG_ENABLE_MODULES = YES;
				CLANG_ENABLE_OBJC_ARC = YES;
				CLANG_WARN_BOOL_CONVERSION = YES;
				CLANG_WARN_CONSTANT_CONVERSION = YES;
				CLANG_WARN_DIRECT_OBJC_ISA_USAGE = YES_ERROR;
				CLANG_WARN_DOCUMENTATION_COMMENTS = YES;
				CLANG_WARN_EMPTY_BODY = YES;
				CLANG_WARN_ENUM_CONVERSION = YES;
				CLANG_WARN_INFINITE_RECURSION = YES;
				CLANG_WARN_INT_CONVERSION = YES;
				CLANG_WARN_OBJC_ROOT_CLASS = YES_ERROR;
				CLANG_WARN_SUSPICIOUS_MOVES = YES;
				CLANG_WARN_UNREACHABLE_CODE = YES;
				CLANG_WARN__DUPLICATE_METHOD_MATCH = YES;
				"CODE_SIGN_IDENTITY[sdk=iphoneos*]" = "iPhone Developer";
				COPY_PHASE_STRIP = NO;
				DEBUG_INFORMATION_FORMAT = dwarf;
				ENABLE_STRICT_OBJC_MSGSEND = YES;
				ENABLE_TESTABILITY = YES;
				GCC_C_LANGUAGE_STANDARD = gnu99;
				GCC_DYNAMIC_NO_PIC = NO;
				GCC_NO_COMMON_BLOCKS = YES;
				GCC_OPTIMIZATION_LEVEL = 0;
				GCC_PREPROCESSOR_DEFINITIONS = (
					"DEBUG=1",
					"$(inherited)",
				);
				GCC_WARN_64_TO_32_BIT_CONVERSION = YES;
				GCC_WARN_ABOUT_RETURN_TYPE = YES_ERROR;
				GCC_WARN_UNDECLARED_SELECTOR = YES;
				GCC_WARN_UNINITIALIZED_AUTOS = YES_AGGRESSIVE;
				GCC_WARN_UNUSED_FUNCTION = YES;
				GCC_WARN_UNUSED_VARIABLE = YES;
				IPHONEOS_DEPLOYMENT_TARGET = 10.0;
				MTL_ENABLE_DEBUG_INFO = YES;
				ONLY_ACTIVE_ARCH = YES;
				SDKROOT = iphoneos;
				TARGETED_DEVICE_FAMILY = "1,2";
			};
			name = Debug;
		};
		47F81DCB1D93FB4A00A84902 /* Release */ = {
			isa = XCBuildConfiguration;
			buildSettings = {
				ALWAYS_SEARCH_USER_PATHS = NO;
				CLANG_ANALYZER_NONNULL = YES;
				CLANG_CXX_LANGUAGE_STANDARD = "gnu++0x";
				CLANG_CXX_LIBRARY = "libc++";
				CLANG_ENABLE_MODULES = YES;
				CLANG_ENABLE_OBJC_ARC = YES;
				CLANG_WARN_BOOL_CONVERSION = YES;
				CLANG_WARN_CONSTANT_CONVERSION = YES;
				CLANG_WARN_DIRECT_OBJC_ISA_USAGE = YES_ERROR;
				CLANG_WARN_DOCUMENTATION_COMMENTS = YES;
				CLANG_WARN_EMPTY_BODY = YES;
				CLANG_WARN_ENUM_CONVERSION = YES;
				CLANG_WARN_INFINITE_RECURSION = YES;
				CLANG_WARN_INT_CONVERSION = YES;
				CLANG_WARN_OBJC_ROOT_CLASS = YES_ERROR;
				CLANG_WARN_SUSPICIOUS_MOVES = YES;
				CLANG_WARN_UNREACHABLE_CODE = YES;
				CLANG_WARN__DUPLICATE_METHOD_MATCH = YES;
				"CODE_SIGN_IDENTITY[sdk=iphoneos*]" = "iPhone Developer";
				COPY_PHASE_STRIP = NO;
				DEBUG_INFORMATION_FORMAT = "dwarf-with-dsym";
				ENABLE_NS_ASSERTIONS = NO;
				ENABLE_STRICT_OBJC_MSGSEND = YES;
				GCC_C_LANGUAGE_STANDARD = gnu99;
				GCC_NO_COMMON_BLOCKS = YES;
				GCC_WARN_64_TO_32_BIT_CONVERSION = YES;
				GCC_WARN_ABOUT_RETURN_TYPE = YES_ERROR;
				GCC_WARN_UNDECLARED_SELECTOR = YES;
				GCC_WARN_UNINITIALIZED_AUTOS = YES_AGGRESSIVE;
				GCC_WARN_UNUSED_FUNCTION = YES;
				GCC_WARN_UNUSED_VARIABLE = YES;
				IPHONEOS_DEPLOYMENT_TARGET = 10.0;
				MTL_ENABLE_DEBUG_INFO = NO;
				SDKROOT = iphoneos;
				TARGETED_DEVICE_FAMILY = "1,2";
				VALIDATE_PRODUCT = YES;
			};
			name = Release;
		};
		47F81DCD1D93FB4A00A84902 /* Debug */ = {
			isa = XCBuildConfiguration;
			baseConfigurationReference = D1674505F29C8EA7C6F7D638 /* Pods-JLRoutesDemo.debug.xcconfig */;
			buildSettings = {
				ASSETCATALOG_COMPILER_APPICON_NAME = AppIcon;
				GCC_ENABLE_BUILTIN_FUNCTIONS = NO;
				GCC_PRECOMPILE_PREFIX_HEADER = YES;
				GCC_PREFIX_HEADER = "$(SRCROOT)/PrefixHeader.pch";
				INFOPLIST_FILE = JLRoutesDemo/Info.plist;
				LD_RUNPATH_SEARCH_PATHS = "$(inherited) @executable_path/Frameworks";
				PRODUCT_BUNDLE_IDENTIFIER = EasyCode.JLRoutesDemo;
				PRODUCT_NAME = "$(TARGET_NAME)";
			};
			name = Debug;
		};
		47F81DCE1D93FB4A00A84902 /* Release */ = {
			isa = XCBuildConfiguration;
			baseConfigurationReference = 624E92F723932E250B30C21B /* Pods-JLRoutesDemo.release.xcconfig */;
			buildSettings = {
				ASSETCATALOG_COMPILER_APPICON_NAME = AppIcon;
				GCC_ENABLE_BUILTIN_FUNCTIONS = NO;
				GCC_PRECOMPILE_PREFIX_HEADER = YES;
				GCC_PREFIX_HEADER = "$(SRCROOT)/PrefixHeader.pch";
				INFOPLIST_FILE = JLRoutesDemo/Info.plist;
				LD_RUNPATH_SEARCH_PATHS = "$(inherited) @executable_path/Frameworks";
				PRODUCT_BUNDLE_IDENTIFIER = EasyCode.JLRoutesDemo;
				PRODUCT_NAME = "$(TARGET_NAME)";
			};
			name = Release;
		};
		47F81DD01D93FB4A00A84902 /* Debug */ = {
			isa = XCBuildConfiguration;
			baseConfigurationReference = 6B678FD1DFB6989D276EF865 /* Pods-JLRoutesDemoTests.debug.xcconfig */;
			buildSettings = {
				BUNDLE_LOADER = "$(TEST_HOST)";
				INFOPLIST_FILE = JLRoutesDemoTests/Info.plist;
				LD_RUNPATH_SEARCH_PATHS = "$(inherited) @executable_path/Frameworks @loader_path/Frameworks";
				PRODUCT_BUNDLE_IDENTIFIER = EasyCode.JLRoutesDemoTests;
				PRODUCT_NAME = "$(TARGET_NAME)";
				TEST_HOST = "$(BUILT_PRODUCTS_DIR)/JLRoutesDemo.app/JLRoutesDemo";
			};
			name = Debug;
		};
		47F81DD11D93FB4A00A84902 /* Release */ = {
			isa = XCBuildConfiguration;
			baseConfigurationReference = 0E290CC4C667400EE2A70770 /* Pods-JLRoutesDemoTests.release.xcconfig */;
			buildSettings = {
				BUNDLE_LOADER = "$(TEST_HOST)";
				INFOPLIST_FILE = JLRoutesDemoTests/Info.plist;
				LD_RUNPATH_SEARCH_PATHS = "$(inherited) @executable_path/Frameworks @loader_path/Frameworks";
				PRODUCT_BUNDLE_IDENTIFIER = EasyCode.JLRoutesDemoTests;
				PRODUCT_NAME = "$(TARGET_NAME)";
				TEST_HOST = "$(BUILT_PRODUCTS_DIR)/JLRoutesDemo.app/JLRoutesDemo";
			};
			name = Release;
		};
		47F81DD31D93FB4A00A84902 /* Debug */ = {
			isa = XCBuildConfiguration;
			baseConfigurationReference = 1E0EDA8222FB5C60608AA944 /* Pods-JLRoutesDemoUITests.debug.xcconfig */;
			buildSettings = {
				INFOPLIST_FILE = JLRoutesDemoUITests/Info.plist;
				LD_RUNPATH_SEARCH_PATHS = "$(inherited) @executable_path/Frameworks @loader_path/Frameworks";
				PRODUCT_BUNDLE_IDENTIFIER = EasyCode.JLRoutesDemoUITests;
				PRODUCT_NAME = "$(TARGET_NAME)";
				TEST_TARGET_NAME = JLRoutesDemo;
			};
			name = Debug;
		};
		47F81DD41D93FB4A00A84902 /* Release */ = {
			isa = XCBuildConfiguration;
			baseConfigurationReference = 4A4EBF4C3601032C1719A4D4 /* Pods-JLRoutesDemoUITests.release.xcconfig */;
			buildSettings = {
				INFOPLIST_FILE = JLRoutesDemoUITests/Info.plist;
				LD_RUNPATH_SEARCH_PATHS = "$(inherited) @executable_path/Frameworks @loader_path/Frameworks";
				PRODUCT_BUNDLE_IDENTIFIER = EasyCode.JLRoutesDemoUITests;
				PRODUCT_NAME = "$(TARGET_NAME)";
				TEST_TARGET_NAME = JLRoutesDemo;
			};
			name = Release;
		};
/* End XCBuildConfiguration section */

/* Begin XCConfigurationList section */
		47F81D9A1D93FB4900A84902 /* Build configuration list for PBXProject "JLRoutesDemo" */ = {
			isa = XCConfigurationList;
			buildConfigurations = (
				47F81DCA1D93FB4A00A84902 /* Debug */,
				47F81DCB1D93FB4A00A84902 /* Release */,
			);
			defaultConfigurationIsVisible = 0;
			defaultConfigurationName = Release;
		};
		47F81DCC1D93FB4A00A84902 /* Build configuration list for PBXNativeTarget "JLRoutesDemo" */ = {
			isa = XCConfigurationList;
			buildConfigurations = (
				47F81DCD1D93FB4A00A84902 /* Debug */,
				47F81DCE1D93FB4A00A84902 /* Release */,
			);
			defaultConfigurationIsVisible = 0;
			defaultConfigurationName = Release;
		};
		47F81DCF1D93FB4A00A84902 /* Build configuration list for PBXNativeTarget "JLRoutesDemoTests" */ = {
			isa = XCConfigurationList;
			buildConfigurations = (
				47F81DD01D93FB4A00A84902 /* Debug */,
				47F81DD11D93FB4A00A84902 /* Release */,
			);
			defaultConfigurationIsVisible = 0;
			defaultConfigurationName = Release;
		};
		47F81DD21D93FB4A00A84902 /* Build configuration list for PBXNativeTarget "JLRoutesDemoUITests" */ = {
			isa = XCConfigurationList;
			buildConfigurations = (
				47F81DD31D93FB4A00A84902 /* Debug */,
				47F81DD41D93FB4A00A84902 /* Release */,
			);
			defaultConfigurationIsVisible = 0;
			defaultConfigurationName = Release;
		};
/* End XCConfigurationList section */
	};
	rootObject = 47F81D971D93FB4900A84902 /* Project object */;
}
